Microsoft Visual Studio Solution File, Format Version 12.00
# Visual Studio 15
VisualStudioVersion = 15.0.28307.1209
MinimumVisualStudioVersion = 10.0.40219.1
Project("{2150E333-8FDC-42A3-9474-1A3956D46DE8}") = "!docs", "!docs", "{00000C13-EEEE-BBBB-6667-D00000000000}"
EndProject
Project("{2150E333-8FDC-42A3-9474-1A3956D46DE8}") = "build", "build", "{00000C13-EEEE-BBBB-6667-D00000000001}"
	ProjectSection(SolutionItems) = preProject
		!docs\__symbol_load.txt = !docs\__symbol_load.txt
		!docs\making_settings_4_projects.txt = !docs\making_settings_4_projects.txt
	EndProjectSection
EndProject
Project("{2150E333-8FDC-42A3-9474-1A3956D46DE8}") = "project", "project", "{00000C13-EEEE-BBBB-6667-D00000000002}"
	ProjectSection(SolutionItems) = preProject
		!docs\ebo_pack_20191103_10_46a_u7_guids.txt = !docs\ebo_pack_20191103_10_46a_u7_guids.txt
		!docs\ebo_pack_20240830_00_01a_u7_explore.txt = !docs\ebo_pack_20240830_00_01a_u7_explore.txt
	EndProjectSection
EndProject
Project("{2150E333-8FDC-42A3-9474-1A3956D46DE8}") = "vsd", "vsd", "{00000C13-EEEE-BBBB-6667-D00000000003}"
EndProject
Global
	GlobalSection(NestedProjects) = preSolution
		{00000C13-EEEE-BBBB-6667-D00000000001} = {00000C13-EEEE-BBBB-6667-D00000000000}
		{00000C13-EEEE-BBBB-6667-D00000000002} = {00000C13-EEEE-BBBB-6667-D00000000000}
		{00000C13-EEEE-BBBB-6667-D00000000003} = {00000C13-EEEE-BBBB-6667-D00000000000}
	EndGlobalSection
EndGlobal
Project("{2150E333-8FDC-42A3-9474-1A3956D46DE8}") = "@root", "@root", "{00000C13-EEEE-BBBB-6667-100000000000}"
EndProject
Project("{2150E333-8FDC-42A3-9474-1A3956D46DE8}") = "ms.win", "ms.win", "{00000C13-EEEE-BBBB-6667-100000000001}"
EndProject
Project("{2150E333-8FDC-42A3-9474-1A3956D46DE8}") = "_shared", "_shared", "{00000C13-EEEE-BBBB-6667-100000000002}"
EndProject
Project("{2150E333-8FDC-42A3-9474-1A3956D46DE8}") = "core", "core", "{00000C13-EEEE-BBBB-6667-100000000003}"
EndProject
Project("{2150E333-8FDC-42A3-9474-1A3956D46DE8}") = "draw", "draw", "{00000C13-EEEE-BBBB-6667-100000000005}"
EndProject
Project("{2150E333-8FDC-42A3-9474-1A3956D46DE8}") = "uix", "uix", "{00000C13-EEEE-BBBB-6667-100000000004}"
EndProject
Global
	GlobalSection(NestedProjects) = preSolution
		{00000C13-EEEE-BBBB-6667-100000000002} = {00000C13-EEEE-BBBB-6667-100000000001}
		{00000C13-EEEE-BBBB-6667-100000000003} = {00000C13-EEEE-BBBB-6667-100000000001}
		{00000C13-EEEE-BBBB-6667-100000000004} = {00000C13-EEEE-BBBB-6667-100000000001}
		{00000C13-EEEE-BBBB-6667-100000000005} = {00000C13-EEEE-BBBB-6667-100000000004}
	EndGlobalSection
EndGlobal

Project("{8BC9CEB8-8B4A-11D0-8D11-00A0C91BC942}") = "sys.shared_v15", "ms.win\sys.shared_v15.vcxproj", "{00000C13-EEEE-BBBB-6667-000000000001}"
EndProject
Project("{8BC9CEB8-8B4A-11D0-8D11-00A0C91BC942}") = "sys.err.core_v15", "ms.win\sys.err.core_v15.vcxproj", "{00000C13-EEEE-BBBB-6667-00000000A101}"
	ProjectSection(ProjectDependencies) = postProject
		{00000C13-EEEE-BBBB-6667-000000000001} = {00000C13-EEEE-BBBB-6667-000000000001}
	EndProjectSection
EndProject
Project("{8BC9CEB8-8B4A-11D0-8D11-00A0C91BC942}") = "sys.com.core_v15", "ms.win\sys.com.core_v15.vcxproj", "{00000C13-EEEE-BBBB-6667-00000000A201}"
	ProjectSection(ProjectDependencies) = postProject
		{00000C13-EEEE-BBBB-6667-000000000001} = {00000C13-EEEE-BBBB-6667-000000000001}
	EndProjectSection
EndProject
Project("{8BC9CEB8-8B4A-11D0-8D11-00A0C91BC942}") = "sys.mem.core_v15", "ms.win\sys.mem.core_v15.vcxproj", "{00000C13-EEEE-BBBB-6667-00000000A301}"
	ProjectSection(ProjectDependencies) = postProject
		{00000C13-EEEE-BBBB-6667-000000000001} = {00000C13-EEEE-BBBB-6667-000000000001}
	EndProjectSection
EndProject
Project("{8BC9CEB8-8B4A-11D0-8D11-00A0C91BC942}") = "color_v15", "ms.win\color_v15.vcxproj", "{00000C13-EEEE-BBBB-6667-000000000022}"
EndProject
Global
	GlobalSection(NestedProjects) = preSolution
		{00000C13-EEEE-BBBB-6667-000000000001} = {00000C13-EEEE-BBBB-6667-100000000002}
		{00000C13-EEEE-BBBB-6667-00000000A101} = {00000C13-EEEE-BBBB-6667-100000000003}
		{00000C13-EEEE-BBBB-6667-00000000A201} = {00000C13-EEEE-BBBB-6667-100000000003}
		{00000C13-EEEE-BBBB-6667-00000000A301} = {00000C13-EEEE-BBBB-6667-100000000003}
		{00000C13-EEEE-BBBB-6667-000000000022} = {00000C13-EEEE-BBBB-6667-100000000005}
	EndGlobalSection
EndGlobal

Project("{2150E333-8FDC-42A3-9474-1A3956D46DE8}") = "test.cases", "test.cases", "{00000C13-EEEE-BBBB-6667-200000000000}"
EndProject
Project("{2150E333-8FDC-42A3-9474-1A3956D46DE8}") = "_common", "_common", "{00000C13-EEEE-BBBB-6667-200000000001}"
EndProject
Project("{2150E333-8FDC-42A3-9474-1A3956D46DE8}") = "core", "core", "{00000C13-EEEE-BBBB-6667-200000000002}"
EndProject
Project("{2150E333-8FDC-42A3-9474-1A3956D46DE8}") = "draw", "draw", "{00000C13-EEEE-BBBB-6667-200000000004}"
EndProject
Project("{2150E333-8FDC-42A3-9474-1A3956D46DE8}") = "uix", "uix", "{00000C13-EEEE-BBBB-6667-200000000003}"
EndProject
Global
	GlobalSection(NestedProjects) = preSolution
		{00000C13-EEEE-BBBB-6667-200000000001} = {00000C13-EEEE-BBBB-6667-200000000000}
		{00000C13-EEEE-BBBB-6667-200000000002} = {00000C13-EEEE-BBBB-6667-200000000000}
		{00000C13-EEEE-BBBB-6667-200000000003} = {00000C13-EEEE-BBBB-6667-200000000000}
		{00000C13-EEEE-BBBB-6667-200000000004} = {00000C13-EEEE-BBBB-6667-200000000003}
		{00000C13-EEEE-BBBB-6667-200000000004} = {00000C13-EEEE-BBBB-6667-200000000003}
	EndGlobalSection
EndGlobal

Project("{8BC9CEB8-8B4A-11D0-8D11-00A0C91BC942}") = "ebo_test_$$$", "ms.win.cppunit.test\ebo_test_$$$.vcxproj", "{00000C13-EEEE-BBBB-6667-C00000060000}"
	ProjectSection(ProjectDependencies) = postProject
		{00000C13-EEEE-BBBB-6667-000000000001} = {00000C13-EEEE-BBBB-6667-000000000001}
	EndProjectSection
EndProject
Project("{8BC9CEB8-8B4A-11D0-8D11-00A0C91BC942}") = "ebo_test_$0$", "ms.win.cppunit.test\ebo_test_$0$.vcxproj", "{00000C13-EEEE-BBBB-6667-000000060001}"
	ProjectSection(ProjectDependencies) = postProject
		{00000C13-EEEE-BBBB-6667-000000000001} = {00000C13-EEEE-BBBB-6667-000000000001}
		{00000C13-EEEE-BBBB-6667-C00000060000} = {00000C13-EEEE-BBBB-6667-C00000060000}
	EndProjectSection
EndProject
Project("{8BC9CEB8-8B4A-11D0-8D11-00A0C91BC942}") = "ebo_test_$1$", "ms.win.cppunit.test\ebo_test_$1$.vcxproj", "{00000C13-EEEE-BBBB-6667-00000006A101}"
	ProjectSection(ProjectDependencies) = postProject
		{00000C13-EEEE-BBBB-6667-000000000001} = {00000C13-EEEE-BBBB-6667-000000000001}
		{00000C13-EEEE-BBBB-6667-00000000A101} = {00000C13-EEEE-BBBB-6667-00000000A101}
		{00000C13-EEEE-BBBB-6667-C00000060000} = {00000C13-EEEE-BBBB-6667-C00000060000}
	EndProjectSection
EndProject
Project("{8BC9CEB8-8B4A-11D0-8D11-00A0C91BC942}") = "ebo_test_$2$", "ms.win.cppunit.test\ebo_test_$2$.vcxproj", "{00000C13-EEEE-BBBB-6667-00000006A201}"
	ProjectSection(ProjectDependencies) = postProject
		{00000C13-EEEE-BBBB-6667-000000000001} = {00000C13-EEEE-BBBB-6667-000000000001}
		{00000C13-EEEE-BBBB-6667-00000000A101} = {00000C13-EEEE-BBBB-6667-00000000A101}
		{00000C13-EEEE-BBBB-6667-00000000A201} = {00000C13-EEEE-BBBB-6667-00000000A201}
		{00000C13-EEEE-BBBB-6667-C00000060000} = {00000C13-EEEE-BBBB-6667-C00000060000}
	EndProjectSection
EndProject
Project("{8BC9CEB8-8B4A-11D0-8D11-00A0C91BC942}") = "ebo_test_$3$", "ms.win.cppunit.test\ebo_test_$3$.vcxproj", "{00000C13-EEEE-BBBB-6667-00000006A301}"
	ProjectSection(ProjectDependencies) = postProject
		{00000C13-EEEE-BBBB-6667-000000000001} = {00000C13-EEEE-BBBB-6667-000000000001}
		{00000C13-EEEE-BBBB-6667-00000000A101} = {00000C13-EEEE-BBBB-6667-00000000A101}
		{00000C13-EEEE-BBBB-6667-00000000A301} = {00000C13-EEEE-BBBB-6667-00000000A301}
		{00000C13-EEEE-BBBB-6667-C00000060000} = {00000C13-EEEE-BBBB-6667-C00000060000}
	EndProjectSection
EndProject
Project("{8BC9CEB8-8B4A-11D0-8D11-00A0C91BC942}") = "ebo_test_$4$", "ms.win.cppunit.test\ebo_test_$4$.vcxproj", "{00000C13-EEEE-BBBB-6667-000000060022}"
	ProjectSection(ProjectDependencies) = postProject
		{00000C13-EEEE-BBBB-6667-000000000001} = {00000C13-EEEE-BBBB-6667-000000000001}
		{00000C13-EEEE-BBBB-6667-000000000022} = {00000C13-EEEE-BBBB-6667-000000000022}
		{00000C13-EEEE-BBBB-6667-C00000060000} = {00000C13-EEEE-BBBB-6667-C00000060000}
	EndProjectSection
EndProject
Global
	GlobalSection(NestedProjects) = preSolution
		{00000C13-EEEE-BBBB-6667-C00000060000} = {00000C13-EEEE-BBBB-6667-200000000001}
		{00000C13-EEEE-BBBB-6667-000000060001} = {00000C13-EEEE-BBBB-6667-200000000002}
		{00000C13-EEEE-BBBB-6667-00000006A101} = {00000C13-EEEE-BBBB-6667-200000000002}
		{00000C13-EEEE-BBBB-6667-00000006A201} = {00000C13-EEEE-BBBB-6667-200000000002}
		{00000C13-EEEE-BBBB-6667-00000006A301} = {00000C13-EEEE-BBBB-6667-200000000002}
		{00000C13-EEEE-BBBB-6667-000000060022} = {00000C13-EEEE-BBBB-6667-200000000004}
	EndGlobalSection
EndGlobal

Project("{2150E333-8FDC-42A3-9474-1A3956D46DE8}") = "test.console", "test.console", "{00000C13-EEEE-BBBB-6667-300000000000}"
EndProject
Project("{8BC9CEB8-8B4A-11D0-8D11-00A0C91BC942}") = "ebo_test_con_v15", "ms.win.console.test\ebo_test_con_v15.vcxproj", "{00000C13-EEEE-BBBB-6667-000000060020}"
	ProjectSection(ProjectDependencies) = postProject
		{00000C13-EEEE-BBBB-6667-000000000001} = {00000C13-EEEE-BBBB-6667-000000000001}
	EndProjectSection
EndProject
Global
	GlobalSection(NestedProjects) = preSolution
		{00000C13-EEEE-BBBB-6667-000000060020} = {00000C13-EEEE-BBBB-6667-300000000000}
	EndGlobalSection
EndGlobal

Global
	GlobalSection(SolutionConfigurationPlatforms) = preSolution
		Debug|x64 = Debug|x64
		Debug|x86 = Debug|x86
		Release|x64 = Release|x64
		Release|x86 = Release|x86
	EndGlobalSection
	GlobalSection(ProjectConfigurationPlatforms) = postSolution
		{00000C13-EEEE-BBBB-6667-000000000001}.Debug|x64.ActiveCfg = Debug|x64
		{00000C13-EEEE-BBBB-6667-000000000001}.Debug|x64.Build.0 = Debug|x64
		{00000C13-EEEE-BBBB-6667-000000000001}.Debug|x86.ActiveCfg = Debug|Win32
		{00000C13-EEEE-BBBB-6667-000000000001}.Debug|x86.Build.0 = Debug|Win32
		{00000C13-EEEE-BBBB-6667-000000000001}.Release|x64.ActiveCfg = Release|x64
		{00000C13-EEEE-BBBB-6667-000000000001}.Release|x64.Build.0 = Release|x64
		{00000C13-EEEE-BBBB-6667-000000000001}.Release|x86.ActiveCfg = Release|Win32
		{00000C13-EEEE-BBBB-6667-000000000001}.Release|x86.Build.0 = Release|Win32
		{00000C13-EEEE-BBBB-6667-00000000A101}.Debug|x64.ActiveCfg = Debug|x64
		{00000C13-EEEE-BBBB-6667-00000000A101}.Debug|x64.Build.0 = Debug|x64
		{00000C13-EEEE-BBBB-6667-00000000A101}.Debug|x86.ActiveCfg = Debug|Win32
		{00000C13-EEEE-BBBB-6667-00000000A101}.Debug|x86.Build.0 = Debug|Win32
		{00000C13-EEEE-BBBB-6667-00000000A101}.Release|x64.ActiveCfg = Release|x64
		{00000C13-EEEE-BBBB-6667-00000000A101}.Release|x64.Build.0 = Release|x64
		{00000C13-EEEE-BBBB-6667-00000000A101}.Release|x86.ActiveCfg = Release|Win32
		{00000C13-EEEE-BBBB-6667-00000000A101}.Release|x86.Build.0 = Release|Win32
		{00000C13-EEEE-BBBB-6667-00000000A201}.Debug|x64.ActiveCfg = Debug|x64
		{00000C13-EEEE-BBBB-6667-00000000A201}.Debug|x64.Build.0 = Debug|x64
		{00000C13-EEEE-BBBB-6667-00000000A201}.Debug|x86.ActiveCfg = Debug|Win32
		{00000C13-EEEE-BBBB-6667-00000000A201}.Debug|x86.Build.0 = Debug|Win32
		{00000C13-EEEE-BBBB-6667-00000000A201}.Release|x64.ActiveCfg = Release|x64
		{00000C13-EEEE-BBBB-6667-00000000A201}.Release|x64.Build.0 = Release|x64
		{00000C13-EEEE-BBBB-6667-00000000A201}.Release|x86.ActiveCfg = Release|Win32
		{00000C13-EEEE-BBBB-6667-00000000A201}.Release|x86.Build.0 = Release|Win32
		{00000C13-EEEE-BBBB-6667-00000000A301}.Debug|x64.ActiveCfg = Debug|x64
		{00000C13-EEEE-BBBB-6667-00000000A301}.Debug|x64.Build.0 = Debug|x64
		{00000C13-EEEE-BBBB-6667-00000000A301}.Debug|x86.ActiveCfg = Debug|Win32
		{00000C13-EEEE-BBBB-6667-00000000A301}.Debug|x86.Build.0 = Debug|Win32
		{00000C13-EEEE-BBBB-6667-00000000A301}.Release|x64.ActiveCfg = Release|x64
		{00000C13-EEEE-BBBB-6667-00000000A301}.Release|x64.Build.0 = Release|x64
		{00000C13-EEEE-BBBB-6667-00000000A301}.Release|x86.ActiveCfg = Release|Win32
		{00000C13-EEEE-BBBB-6667-00000000A301}.Release|x86.Build.0 = Release|Win32
		{00000C13-EEEE-BBBB-6667-000000000022}.Debug|x64.ActiveCfg = Debug|x64
		{00000C13-EEEE-BBBB-6667-000000000022}.Debug|x64.Build.0 = Debug|x64
		{00000C13-EEEE-BBBB-6667-000000000022}.Debug|x86.ActiveCfg = Debug|Win32
		{00000C13-EEEE-BBBB-6667-000000000022}.Debug|x86.Build.0 = Debug|Win32
		{00000C13-EEEE-BBBB-6667-000000000022}.Release|x64.ActiveCfg = Release|x64
		{00000C13-EEEE-BBBB-6667-000000000022}.Release|x64.Build.0 = Release|x64
		{00000C13-EEEE-BBBB-6667-000000000022}.Release|x86.ActiveCfg = Release|Win32
		{00000C13-EEEE-BBBB-6667-000000000022}.Release|x86.Build.0 = Release|Win32
		{00000C13-EEEE-BBBB-6667-C00000060000}.Debug|x64.ActiveCfg = Debug|x64
		{00000C13-EEEE-BBBB-6667-C00000060000}.Debug|x64.Build.0 = Debug|x64
		{00000C13-EEEE-BBBB-6667-C00000060000}.Debug|x86.ActiveCfg = Debug|Win32
		{00000C13-EEEE-BBBB-6667-C00000060000}.Debug|x86.Build.0 = Debug|Win32
		{00000C13-EEEE-BBBB-6667-C00000060000}.Release|x64.ActiveCfg = Release|x64
		{00000C13-EEEE-BBBB-6667-C00000060000}.Release|x64.Build.0 = Release|x64
		{00000C13-EEEE-BBBB-6667-C00000060000}.Release|x86.ActiveCfg = Release|Win32
		{00000C13-EEEE-BBBB-6667-C00000060000}.Release|x86.Build.0 = Release|Win32
		{00000C13-EEEE-BBBB-6667-000000060001}.Debug|x64.ActiveCfg = Debug|x64
		{00000C13-EEEE-BBBB-6667-000000060001}.Debug|x64.Build.0 = Debug|x64
		{00000C13-EEEE-BBBB-6667-000000060001}.Debug|x86.ActiveCfg = Debug|Win32
		{00000C13-EEEE-BBBB-6667-000000060001}.Debug|x86.Build.0 = Debug|Win32
		{00000C13-EEEE-BBBB-6667-000000060001}.Release|x64.ActiveCfg = Release|x64
		{00000C13-EEEE-BBBB-6667-000000060001}.Release|x64.Build.0 = Release|x64
		{00000C13-EEEE-BBBB-6667-000000060001}.Release|x86.ActiveCfg = Release|Win32
		{00000C13-EEEE-BBBB-6667-000000060001}.Release|x86.Build.0 = Release|Win32
		{00000C13-EEEE-BBBB-6667-00000006A101}.Debug|x64.ActiveCfg = Debug|x64
		{00000C13-EEEE-BBBB-6667-00000006A101}.Debug|x64.Build.0 = Debug|x64
		{00000C13-EEEE-BBBB-6667-00000006A101}.Debug|x86.ActiveCfg = Debug|Win32
		{00000C13-EEEE-BBBB-6667-00000006A101}.Debug|x86.Build.0 = Debug|Win32
		{00000C13-EEEE-BBBB-6667-00000006A101}.Release|x64.ActiveCfg = Release|x64
		{00000C13-EEEE-BBBB-6667-00000006A101}.Release|x64.Build.0 = Release|x64
		{00000C13-EEEE-BBBB-6667-00000006A101}.Release|x86.ActiveCfg = Release|Win32
		{00000C13-EEEE-BBBB-6667-00000006A101}.Release|x86.Build.0 = Release|Win32
		{00000C13-EEEE-BBBB-6667-00000006A201}.Debug|x64.ActiveCfg = Debug|x64
		{00000C13-EEEE-BBBB-6667-00000006A201}.Debug|x64.Build.0 = Debug|x64
		{00000C13-EEEE-BBBB-6667-00000006A201}.Debug|x86.ActiveCfg = Debug|Win32
		{00000C13-EEEE-BBBB-6667-00000006A201}.Debug|x86.Build.0 = Debug|Win32
		{00000C13-EEEE-BBBB-6667-00000006A201}.Release|x64.ActiveCfg = Release|x64
		{00000C13-EEEE-BBBB-6667-00000006A201}.Release|x64.Build.0 = Release|x64
		{00000C13-EEEE-BBBB-6667-00000006A201}.Release|x86.ActiveCfg = Release|Win32
		{00000C13-EEEE-BBBB-6667-00000006A201}.Release|x86.Build.0 = Release|Win32
		{00000C13-EEEE-BBBB-6667-00000006A301}.Debug|x64.ActiveCfg = Debug|x64
		{00000C13-EEEE-BBBB-6667-00000006A301}.Debug|x64.Build.0 = Debug|x64
		{00000C13-EEEE-BBBB-6667-00000006A301}.Debug|x86.ActiveCfg = Debug|Win32
		{00000C13-EEEE-BBBB-6667-00000006A301}.Debug|x86.Build.0 = Debug|Win32
		{00000C13-EEEE-BBBB-6667-00000006A301}.Release|x64.ActiveCfg = Release|x64
		{00000C13-EEEE-BBBB-6667-00000006A301}.Release|x64.Build.0 = Release|x64
		{00000C13-EEEE-BBBB-6667-00000006A301}.Release|x86.ActiveCfg = Release|Win32
		{00000C13-EEEE-BBBB-6667-00000006A301}.Release|x86.Build.0 = Release|Win32
		{00000C13-EEEE-BBBB-6667-000000060020}.Debug|x64.ActiveCfg = Debug|x64
		{00000C13-EEEE-BBBB-6667-000000060020}.Debug|x64.Build.0 = Debug|x64
		{00000C13-EEEE-BBBB-6667-000000060020}.Debug|x86.ActiveCfg = Debug|Win32
		{00000C13-EEEE-BBBB-6667-000000060020}.Debug|x86.Build.0 = Debug|Win32
		{00000C13-EEEE-BBBB-6667-000000060020}.Release|x64.ActiveCfg = Release|x64
		{00000C13-EEEE-BBBB-6667-000000060020}.Release|x64.Build.0 = Release|x64
		{00000C13-EEEE-BBBB-6667-000000060020}.Release|x86.ActiveCfg = Release|Win32
		{00000C13-EEEE-BBBB-6667-000000060020}.Release|x86.Build.0 = Release|Win32
		{00000C13-EEEE-BBBB-6667-000000060022}.Debug|x64.ActiveCfg = Debug|x64
		{00000C13-EEEE-BBBB-6667-000000060022}.Debug|x64.Build.0 = Debug|x64
		{00000C13-EEEE-BBBB-6667-000000060022}.Debug|x86.ActiveCfg = Debug|Win32
		{00000C13-EEEE-BBBB-6667-000000060022}.Debug|x86.Build.0 = Debug|Win32
		{00000C13-EEEE-BBBB-6667-000000060022}.Release|x64.ActiveCfg = Release|x64
		{00000C13-EEEE-BBBB-6667-000000060022}.Release|x64.Build.0 = Release|x64
		{00000C13-EEEE-BBBB-6667-000000060022}.Release|x86.ActiveCfg = Release|Win32
		{00000C13-EEEE-BBBB-6667-000000060022}.Release|x86.Build.0 = Release|Win32
	EndGlobalSection
	GlobalSection(SolutionProperties) = preSolution
		HideSolutionNode = FALSE
	EndGlobalSection
	GlobalSection(NestedProjects) = preSolution
	EndGlobalSection
	GlobalSection(ExtensibilityGlobals) = postSolution
		SolutionGuid = {00000C13-EEEE-BBBB-6667-000000000555}
	EndGlobalSection
EndGlobal
