<?xml version="1.0" encoding="utf-8"?>
<Project ToolsVersion="4.0" xmlns="http://schemas.microsoft.com/developer/msbuild/2003">
  <ItemGroup>
    <Filter Include="interface">
      <UniqueIdentifier>{00000C13-EEEE-BBBB-6667-0000000A0000}</UniqueIdentifier>
    </Filter>
    <Filter Include="src">
      <UniqueIdentifier>{00000C13-EEEE-BBBB-6667-0000000A0001}</UniqueIdentifier>
    </Filter>
  </ItemGroup>
  <ItemGroup>
    <ClInclude Include="$(_0)gdi_plus.defs.h" ><Filter>interface</Filter></ClInclude>
    <ClInclude Include="$(_0)gdi_plus.prov.h" ><Filter>interface</Filter></ClInclude>
  </ItemGroup>
  <ItemGroup>
    <ClCompile Include="$(_1)gdi_plus.defs.cpp" ><Filter>src</Filter></ClCompile>
    <ClCompile Include="$(_1)gdi_plus.prov.cpp" ><Filter>src</Filter></ClCompile>
  </ItemGroup>
</Project>