<?xml version="1.0" encoding="utf-8"?>
<Project ToolsVersion="4.0" xmlns="http://schemas.microsoft.com/developer/msbuild/2003">
  <ItemGroup>
    <Filter Include="interface">
      <UniqueIdentifier>{00000C13-EEEE-BBBB-6667-000000010000}</UniqueIdentifier>
    </Filter>
    <Filter Include="src">
      <UniqueIdentifier>{00000C13-EEEE-BBBB-6667-000000010001}</UniqueIdentifier>
    </Filter>
  </ItemGroup>
  <ItemGroup>
    <ClInclude Include="$(_0)shared.preproc.h"><Filter>interface</Filter></ClInclude>
    <ClCompile Include="$(_1)shared.preproc.cpp"><Filter>src</Filter></ClCompile>
    <ClInclude Include="$(_0)shared.random.h"><Filter>interface</Filter></ClInclude>
    <ClCompile Include="$(_1)shared.random.cpp"><Filter>src</Filter></ClCompile>
    <ClInclude Include="$(_0)shared.str.ext.h"><Filter>interface</Filter></ClInclude>
    <ClCompile Include="$(_1)shared.str.ext.cpp"><Filter>src</Filter></ClCompile>
    <ClInclude Include="$(_0)shared.str.var.h"><Filter>interface</Filter></ClInclude>
    <ClCompile Include="$(_1)shared.str.var.cpp"><Filter>src</Filter></ClCompile>
    <ClInclude Include="$(_0)shared.string.h"><Filter>interface</Filter></ClInclude>
    <ClInclude Include="$(_0)sys.gen.time.h"><Filter>interface</Filter></ClInclude>
    <ClCompile Include="$(_1)sys.gen.time.cpp"><Filter>src</Filter></ClCompile>
    <ClInclude Include="$(_0)sys.sync_obj.h"><Filter>interface</Filter></ClInclude>
    <ClCompile Include="$(_1)sys.sync_obj.cpp"><Filter>src</Filter></ClCompile>
  </ItemGroup>
</Project>