<?xml version="1.0" encoding="utf-8"?>
<Project ToolsVersion="4.0" xmlns="http://schemas.microsoft.com/developer/msbuild/2003">
  <ItemGroup>
    <Filter Include="interface">
      <UniqueIdentifier>{00000C13-EEEE-BBBB-6667-00000006A001}</UniqueIdentifier>
    </Filter>
    <Filter Include="src">
      <UniqueIdentifier>{00000C13-EEEE-BBBB-6667-00000006A011}</UniqueIdentifier>
    </Filter>
  </ItemGroup>
  <ItemGroup>
    <ClInclude Include="$(_1)ebo_test_$1$.h"><Filter>interface</Filter></ClInclude>
  </ItemGroup>
  <ItemGroup>
    <ClCompile Include="$(_1)ebo_test_$1$.cpp"><Filter>src</Filter></ClCompile>
  </ItemGroup>
</Project>